// !$*UTF8*$!
{
	archiveVersion = 1;
	classes = {
	};
	objectVersion = 56;
	objects = {

/* Begin PBXBuildFile section */
		473A91B62900DF1600591985 /* UI_773App.swift in Sources */ = {isa = PBXBuildFile; fileRef = 473A91B52900DF1600591985 /* UI_773App.swift */; };
		473A91B82900DF1600591985 /* ContentView.swift in Sources */ = {isa = PBXBuildFile; fileRef = 473A91B72900DF1600591985 /* ContentView.swift */; };
		473A91BA2900DF1700591985 /* Assets.xcassets in Resources */ = {isa = PBXBuildFile; fileRef = 473A91B92900DF1700591985 /* Assets.xcassets */; };
		473A91BD2900DF1700591985 /* Preview Assets.xcassets in Resources */ = {isa = PBXBuildFile; fileRef = 473A91BC2900DF1700591985 /* Preview Assets.xcassets */; };
		473A91C72900DF1700591985 /* UI_773Tests.swift in Sources */ = {isa = PBXBuildFile; fileRef = 473A91C62900DF1700591985 /* UI_773Tests.swift */; };
		473A91D12900DF1700591985 /* UI_773UITests.swift in Sources */ = {isa = PBXBuildFile; fileRef = 473A91D02900DF1700591985 /* UI_773UITests.swift */; };
		473A91D32900DF1700591985 /* UI_773UITestsLaunchTests.swift in Sources */ = {isa = PBXBuildFile; fileRef = 473A91D22900DF1700591985 /* UI_773UITestsLaunchTests.swift */; };
		473A91E12900DF2200591985 /* Home.swift in Sources */ = {isa = PBXBuildFile; fileRef = 473A91E02900DF2200591985 /* Home.swift */; };
		473A91E42900DF3D00591985 /* Character.swift in Sources */ = {isa = PBXBuildFile; fileRef = 473A91E32900DF3D00591985 /* Character.swift */; };
/* End PBXBuildFile section */

/* Begin PBXContainerItemProxy section */
		473A91C32900DF1700591985 /* PBXContainerItemProxy */ = {
			isa = PBXContainerItemProxy;
			containerPortal = 473A91AA2900DF1600591985 /* Project object */;
			proxyType = 1;
			remoteGlobalIDString = 473A91B12900DF1600591985;
			remoteInfo = "UI-773";
		};
		473A91CD2900DF1700591985 /* PBXContainerItemProxy */ = {
			isa = PBXContainerItemProxy;
			containerPortal = 473A91AA2900DF1600591985 /* Project object */;
			proxyType = 1;
			remoteGlobalIDString = 473A91B12900DF1600591985;
			remoteInfo = "UI-773";
		};
/* End PBXContainerItemProxy section */

/* Begin PBXFileReference section */
		473A91B22900DF1600591985 /* UI-773.app */ = {isa = PBXFileReference; explicitFileType = wrapper.application; includeInIndex = 0; path = "UI-773.app"; sourceTree = BUILT_PRODUCTS_DIR; };
		473A91B52900DF1600591985 /* UI_773App.swift */ = {isa = PBXFileReference; lastKnownFileType = sourcecode.swift; path = UI_773App.swift; sourceTree = "<group>"; };
		473A91B72900DF1600591985 /* ContentView.swift */ = {isa = PBXFileReference; lastKnownFileType = sourcecode.swift; path = ContentView.swift; sourceTree = "<group>"; };
		473A91B92900DF1700591985 /* Assets.xcassets */ = {isa = PBXFileReference; lastKnownFileType = folder.assetcatalog; path = Assets.xcassets; sourceTree = "<group>"; };
		473A91BC2900DF1700591985 /* Preview Assets.xcassets */ = {isa = PBXFileReference; lastKnownFileType = folder.assetcatalog; path = "Preview Assets.xcassets"; sourceTree = "<group>"; };
		473A91C22900DF1700591985 /* UI-773Tests.xctest */ = {isa = PBXFileReference; explicitFileType = wrapper.cfbundle; includeInIndex = 0; path = "UI-773Tests.xctest"; sourceTree = BUILT_PRODUCTS_DIR; };
		473A91C62900DF1700591985 /* UI_773Tests.swift */ = {isa = PBXFileReference; lastKnownFileType = sourcecode.swift; path = UI_773Tests.swift; sourceTree = "<group>"; };
		473A91CC2900DF1700591985 /* UI-773UITests.xctest */ = {isa = PBXFileReference; explicitFileType = wrapper.cfbundle; includeInIndex = 0; path = "UI-773UITests.xctest"; sourceTree = BUILT_PRODUCTS_DIR; };
		473A91D02900DF1700591985 /* UI_773UITests.swift */ = {isa = PBXFileReference; lastKnownFileType = sourcecode.swift; path = UI_773UITests.swift; sourceTree = "<group>"; };
		473A91D22900DF1700591985 /* UI_773UITestsLaunchTests.swift */ = {isa = PBXFileReference; lastKnownFileType = sourcecode.swift; path = UI_773UITestsLaunchTests.swift; sourceTree = "<group>"; };
		473A91E02900DF2200591985 /* Home.swift */ = {isa = PBXFileReference; lastKnownFileType = sourcecode.swift; path = Home.swift; sourceTree = "<group>"; };
		473A91E32900DF3D00591985 /* Character.swift */ = {isa = PBXFileReference; lastKnownFileType = sourcecode.swift; path = Character.swift; sourceTree = "<group>"; };
/* End PBXFileReference section */

/* Begin PBXFrameworksBuildPhase section */
		473A91AF2900DF1600591985 /* Frameworks */ = {
			isa = PBXFrameworksBuildPhase;
			buildActionMask = 2147483647;
			files = (
			);
			runOnlyForDeploymentPostprocessing = 0;
		};
		473A91BF2900DF1700591985 /* Frameworks */ = {
			isa = PBXFrameworksBuildPhase;
			buildActionMask = 2147483647;
			files = (
			);
			runOnlyForDeploymentPostprocessing = 0;
		};
		473A91C92900DF1700591985 /* Frameworks */ = {
			isa = PBXFrameworksBuildPhase;
			buildActionMask = 2147483647;
			files = (
			);
			runOnlyForDeploymentPostprocessing = 0;
		};
/* End PBXFrameworksBuildPhase section */

/* Begin PBXGroup section */
		473A91A92900DF1600591985 = {
			isa = PBXGroup;
			children = (
				473A91B42900DF1600591985 /* UI-773 */,
				473A91C52900DF1700591985 /* UI-773Tests */,
				473A91CF2900DF1700591985 /* UI-773UITests */,
				473A91B32900DF1600591985 /* Products */,
			);
			sourceTree = "<group>";
		};
		473A91B32900DF1600591985 /* Products */ = {
			isa = PBXGroup;
			children = (
				473A91B22900DF1600591985 /* UI-773.app */,
				473A91C22900DF1700591985 /* UI-773Tests.xctest */,
				473A91CC2900DF1700591985 /* UI-773UITests.xctest */,
			);
			name = Products;
			sourceTree = "<group>";
		};
		473A91B42900DF1600591985 /* UI-773 */ = {
			isa = PBXGroup;
			children = (
				473A91E22900DF3200591985 /* Model */,
				473A91DF2900DF1C00591985 /* View */,
				473A91B52900DF1600591985 /* UI_773App.swift */,
				473A91B72900DF1600591985 /* ContentView.swift */,
				473A91B92900DF1700591985 /* Assets.xcassets */,
				473A91BB2900DF1700591985 /* Preview Content */,
			);
			path = "UI-773";
			sourceTree = "<group>";
		};
		473A91BB2900DF1700591985 /* Preview Content */ = {
			isa = PBXGroup;
			children = (
				473A91BC2900DF1700591985 /* Preview Assets.xcassets */,
			);
			path = "Preview Content";
			sourceTree = "<group>";
		};
		473A91C52900DF1700591985 /* UI-773Tests */ = {
			isa = PBXGroup;
			children = (
				473A91C62900DF1700591985 /* UI_773Tests.swift */,
			);
			path = "UI-773Tests";
			sourceTree = "<group>";
		};
		473A91CF2900DF1700591985 /* UI-773UITests */ = {
			isa = PBXGroup;
			children = (
				473A91D02900DF1700591985 /* UI_773UITests.swift */,
				473A91D22900DF1700591985 /* UI_773UITestsLaunchTests.swift */,
			);
			path = "UI-773UITests";
			sourceTree = "<group>";
		};
		473A91DF2900DF1C00591985 /* View */ = {
			isa = PBXGroup;
			children = (
				473A91E02900DF2200591985 /* Home.swift */,
			);
			path = View;
			sourceTree = "<group>";
		};
		473A91E22900DF3200591985 /* Model */ = {
			isa = PBXGroup;
			children = (
				473A91E32900DF3D00591985 /* Character.swift */,
			);
			path = Model;
			sourceTree = "<group>";
		};
/* End PBXGroup section */

/* Begin PBXNativeTarget section */
		473A91B12900DF1600591985 /* UI-773 */ = {
			isa = PBXNativeTarget;
			buildConfigurationList = 473A91D62900DF1700591985 /* Build configuration list for PBXNativeTarget "UI-773" */;
			buildPhases = (
				473A91AE2900DF1600591985 /* Sources */,
				473A91AF2900DF1600591985 /* Frameworks */,
				473A91B02900DF1600591985 /* Resources */,
			);
			buildRules = (
			);
			dependencies = (
			);
			name = "UI-773";
			productName = "UI-773";
			productReference = 473A91B22900DF1600591985 /* UI-773.app */;
			productType = "com.apple.product-type.application";
		};
		473A91C12900DF1700591985 /* UI-773Tests */ = {
			isa = PBXNativeTarget;
			buildConfigurationList = 473A91D92900DF1700591985 /* Build configuration list for PBXNativeTarget "UI-773Tests" */;
			buildPhases = (
				473A91BE2900DF1700591985 /* Sources */,
				473A91BF2900DF1700591985 /* Frameworks */,
				473A91C02900DF1700591985 /* Resources */,
			);
			buildRules = (
			);
			dependencies = (
				473A91C42900DF1700591985 /* PBXTargetDependency */,
			);
			name = "UI-773Tests";
			productName = "UI-773Tests";
			productReference = 473A91C22900DF1700591985 /* UI-773Tests.xctest */;
			productType = "com.apple.product-type.bundle.unit-test";
		};
		473A91CB2900DF1700591985 /* UI-773UITests */ = {
			isa = PBXNativeTarget;
			buildConfigurationList = 473A91DC2900DF1700591985 /* Build configuration list for PBXNativeTarget "UI-773UITests" */;
			buildPhases = (
				473A91C82900DF1700591985 /* Sources */,
				473A91C92900DF1700591985 /* Frameworks */,
				473A91CA2900DF1700591985 /* Resources */,
			);
			buildRules = (
			);
			dependencies = (
				473A91CE2900DF1700591985 /* PBXTargetDependency */,
			);
			name = "UI-773UITests";
			productName = "UI-773UITests";
			productReference = 473A91CC2900DF1700591985 /* UI-773UITests.xctest */;
			productType = "com.apple.product-type.bundle.ui-testing";
		};
/* End PBXNativeTarget section */

/* Begin PBXProject section */
		473A91AA2900DF1600591985 /* Project object */ = {
			isa = PBXProject;
			attributes = {
				BuildIndependentTargetsInParallel = 1;
				LastSwiftUpdateCheck = 1410;
				LastUpgradeCheck = 1410;
				TargetAttributes = {
					473A91B12900DF1600591985 = {
						CreatedOnToolsVersion = 14.1;
					};
					473A91C12900DF1700591985 = {
						CreatedOnToolsVersion = 14.1;
						TestTargetID = 473A91B12900DF1600591985;
					};
					473A91CB2900DF1700591985 = {
						CreatedOnToolsVersion = 14.1;
						TestTargetID = 473A91B12900DF1600591985;
					};
				};
			};
			buildConfigurationList = 473A91AD2900DF1600591985 /* Build configuration list for PBXProject "UI-773" */;
			compatibilityVersion = "Xcode 14.0";
			developmentRegion = en;
			hasScannedForEncodings = 0;
			knownRegions = (
				en,
				Base,
			);
			mainGroup = 473A91A92900DF1600591985;
			productRefGroup = 473A91B32900DF1600591985 /* Products */;
			projectDirPath = "";
			projectRoot = "";
			targets = (
				473A91B12900DF1600591985 /* UI-773 */,
				473A91C12900DF1700591985 /* UI-773Tests */,
				473A91CB2900DF1700591985 /* UI-773UITests */,
			);
		};
/* End PBXProject section */

/* Begin PBXResourcesBuildPhase section */
		473A91B02900DF1600591985 /* Resources */ = {
			isa = PBXResourcesBuildPhase;
			buildActionMask = 2147483647;
			files = (
				473A91BD2900DF1700591985 /* Preview Assets.xcassets in Resources */,
				473A91BA2900DF1700591985 /* Assets.xcassets in Resources */,
			);
			runOnlyForDeploymentPostprocessing = 0;
		};
		473A91C02900DF1700591985 /* Resources */ = {
			isa = PBXResourcesBuildPhase;
			buildActionMask = 2147483647;
			files = (
			);
			runOnlyForDeploymentPostprocessing = 0;
		};
		473A91CA2900DF1700591985 /* Resources */ = {
			isa = PBXResourcesBuildPhase;
			buildActionMask = 2147483647;
			files = (
			);
			runOnlyForDeploymentPostprocessing = 0;
		};
/* End PBXResourcesBuildPhase section */

/* Begin PBXSourcesBuildPhase section */
		473A91AE2900DF1600591985 /* Sources */ = {
			isa = PBXSourcesBuildPhase;
			buildActionMask = 2147483647;
			files = (
				473A91B82900DF1600591985 /* ContentView.swift in Sources */,
				473A91E12900DF2200591985 /* Home.swift in Sources */,
				473A91B62900DF1600591985 /* UI_773App.swift in Sources */,
				473A91E42900DF3D00591985 /* Character.swift in Sources */,
			);
			runOnlyForDeploymentPostprocessing = 0;
		};
		473A91BE2900DF1700591985 /* Sources */ = {
			isa = PBXSourcesBuildPhase;
			buildActionMask = 2147483647;
			files = (
				473A91C72900DF1700591985 /* UI_773Tests.swift in Sources */,
			);
			runOnlyForDeploymentPostprocessing = 0;
		};
		473A91C82900DF1700591985 /* Sources */ = {
			isa = PBXSourcesBuildPhase;
			buildActionMask = 2147483647;
			files = (
				473A91D32900DF1700591985 /* UI_773UITestsLaunchTests.swift in Sources */,
				473A91D12900DF1700591985 /* UI_773UITests.swift in Sources */,
			);
			runOnlyForDeploymentPostprocessing = 0;
		};
/* End PBXSourcesBuildPhase section */

/* Begin PBXTargetDependency section */
		473A91C42900DF1700591985 /* PBXTargetDependency */ = {
			isa = PBXTargetDependency;
			target = 473A91B12900DF1600591985 /* UI-773 */;
			targetProxy = 473A91C32900DF1700591985 /* PBXContainerItemProxy */;
		};
		473A91CE2900DF1700591985 /* PBXTargetDependency */ = {
			isa = PBXTargetDependency;
			target = 473A91B12900DF1600591985 /* UI-773 */;
			targetProxy = 473A91CD2900DF1700591985 /* PBXContainerItemProxy */;
		};
/* End PBXTargetDependency section */

/* Begin XCBuildConfiguration section */
		473A91D42900DF1700591985 /* Debug */ = {
			isa = XCBuildConfiguration;
			buildSettings = {
				ALWAYS_SEARCH_USER_PATHS = NO;
				CLANG_ANALYZER_NONNULL = YES;
				CLANG_ANALYZER_NUMBER_OBJECT_CONVERSION = YES_AGGRESSIVE;
				CLANG_CXX_LANGUAGE_STANDARD = "gnu++20";
				CLANG_ENABLE_MODULES = YES;
				CLANG_ENABLE_OBJC_ARC = YES;
				CLANG_ENABLE_OBJC_WEAK = YES;
				CLANG_WARN_BLOCK_CAPTURE_AUTORELEASING = YES;
				CLANG_WARN_BOOL_CONVERSION = YES;
				CLANG_WARN_COMMA = YES;
				CLANG_WARN_CONSTANT_CONVERSION = YES;
				CLANG_WARN_DEPRECATED_OBJC_IMPLEMENTATIONS = YES;
				CLANG_WARN_DIRECT_OBJC_ISA_USAGE = YES_ERROR;
				CLANG_WARN_DOCUMENTATION_COMMENTS = YES;
				CLANG_WARN_EMPTY_BODY = YES;
				CLANG_WARN_ENUM_CONVERSION = YES;
				CLANG_WARN_INFINITE_RECURSION = YES;
				CLANG_WARN_INT_CONVERSION = YES;
				CLANG_WARN_NON_LITERAL_NULL_CONVERSION = YES;
				CLANG_WARN_OBJC_IMPLICIT_RETAIN_SELF = YES;
				CLANG_WARN_OBJC_LITERAL_CONVERSION = YES;
				CLANG_WARN_OBJC_ROOT_CLASS = YES_ERROR;
				CLANG_WARN_QUOTED_INCLUDE_IN_FRAMEWORK_HEADER = YES;
				CLANG_WARN_RANGE_LOOP_ANALYSIS = YES;
				CLANG_WARN_STRICT_PROTOTYPES = YES;
				CLANG_WARN_SUSPICIOUS_MOVE = YES;
				CLANG_WARN_UNGUARDED_AVAILABILITY = YES_AGGRESSIVE;
				CLANG_WARN_UNREACHABLE_CODE = YES;
				CLANG_WARN__DUPLICATE_METHOD_MATCH = YES;
				COPY_PHASE_STRIP = NO;
				DEBUG_INFORMATION_FORMAT = dwarf;
				ENABLE_STRICT_OBJC_MSGSEND = YES;
				ENABLE_TESTABILITY = YES;
				GCC_C_LANGUAGE_STANDARD = gnu11;
				GCC_DYNAMIC_NO_PIC = NO;
				GCC_NO_COMMON_BLOCKS = YES;
				GCC_OPTIMIZATION_LEVEL = 0;
				GCC_PREPROCESSOR_DEFINITIONS = (
					"DEBUG=1",
					"$(inherited)",
				);
				GCC_WARN_64_TO_32_BIT_CONVERSION = YES;
				GCC_WARN_ABOUT_RETURN_TYPE = YES_ERROR;
				GCC_WARN_UNDECLARED_SELECTOR = YES;
				GCC_WARN_UNINITIALIZED_AUTOS = YES_AGGRESSIVE;
				GCC_WARN_UNUSED_FUNCTION = YES;
				GCC_WARN_UNUSED_VARIABLE = YES;
				IPHONEOS_DEPLOYMENT_TARGET = 16.1;
				MTL_ENABLE_DEBUG_INFO = INCLUDE_SOURCE;
				MTL_FAST_MATH = YES;
				ONLY_ACTIVE_ARCH = YES;
				SDKROOT = iphoneos;
				SWIFT_ACTIVE_COMPILATION_CONDITIONS = DEBUG;
				SWIFT_OPTIMIZATION_LEVEL = "-Onone";
			};
			name = Debug;
		};
		473A91D52900DF1700591985 /* Release */ = {
			isa = XCBuildConfiguration;
			buildSettings = {
				ALWAYS_SEARCH_USER_PATHS = NO;
				CLANG_ANALYZER_NONNULL = YES;
				CLANG_ANALYZER_NUMBER_OBJECT_CONVERSION = YES_AGGRESSIVE;
				CLANG_CXX_LANGUAGE_STANDARD = "gnu++20";
				CLANG_ENABLE_MODULES = YES;
				CLANG_ENABLE_OBJC_ARC = YES;
				CLANG_ENABLE_OBJC_WEAK = YES;
				CLANG_WARN_BLOCK_CAPTURE_AUTORELEASING = YES;
				CLANG_WARN_BOOL_CONVERSION = YES;
				CLANG_WARN_COMMA = YES;
				CLANG_WARN_CONSTANT_CONVERSION = YES;
				CLANG_WARN_DEPRECATED_OBJC_IMPLEMENTATIONS = YES;
				CLANG_WARN_DIRECT_OBJC_ISA_USAGE = YES_ERROR;
				CLANG_WARN_DOCUMENTATION_COMMENTS = YES;
				CLANG_WARN_EMPTY_BODY = YES;
				CLANG_WARN_ENUM_CONVERSION = YES;
				CLANG_WARN_INFINITE_RECURSION = YES;
				CLANG_WARN_INT_CONVERSION = YES;
				CLANG_WARN_NON_LITERAL_NULL_CONVERSION = YES;
				CLANG_WARN_OBJC_IMPLICIT_RETAIN_SELF = YES;
				CLANG_WARN_OBJC_LITERAL_CONVERSION = YES;
				CLANG_WARN_OBJC_ROOT_CLASS = YES_ERROR;
				CLANG_WARN_QUOTED_INCLUDE_IN_FRAMEWORK_HEADER = YES;
				CLANG_WARN_RANGE_LOOP_ANALYSIS = YES;
				CLANG_WARN_STRICT_PROTOTYPES = YES;
				CLANG_WARN_SUSPICIOUS_MOVE = YES;
				CLANG_WARN_UNGUARDED_AVAILABILITY = YES_AGGRESSIVE;
				CLANG_WARN_UNREACHABLE_CODE = YES;
				CLANG_WARN__DUPLICATE_METHOD_MATCH = YES;
				COPY_PHASE_STRIP = NO;
				DEBUG_INFORMATION_FORMAT = "dwarf-with-dsym";
				ENABLE_NS_ASSERTIONS = NO;
				ENABLE_STRICT_OBJC_MSGSEND = YES;
				GCC_C_LANGUAGE_STANDARD = gnu11;
				GCC_NO_COMMON_BLOCKS = YES;
				GCC_WARN_64_TO_32_BIT_CONVERSION = YES;
				GCC_WARN_ABOUT_RETURN_TYPE = YES_ERROR;
				GCC_WARN_UNDECLARED_SELECTOR = YES;
				GCC_WARN_UNINITIALIZED_AUTOS = YES_AGGRESSIVE;
				GCC_WARN_UNUSED_FUNCTION = YES;
				GCC_WARN_UNUSED_VARIABLE = YES;
				IPHONEOS_DEPLOYMENT_TARGET = 16.1;
				MTL_ENABLE_DEBUG_INFO = NO;
				MTL_FAST_MATH = YES;
				SDKROOT = iphoneos;
				SWIFT_COMPILATION_MODE = wholemodule;
				SWIFT_OPTIMIZATION_LEVEL = "-O";
				VALIDATE_PRODUCT = YES;
			};
			name = Release;
		};
		473A91D72900DF1700591985 /* Debug */ = {
			isa = XCBuildConfiguration;
			buildSettings = {
				ASSETCATALOG_COMPILER_APPICON_NAME = AppIcon;
				ASSETCATALOG_COMPILER_GLOBAL_ACCENT_COLOR_NAME = AccentColor;
				CODE_SIGN_STYLE = Automatic;
				CURRENT_PROJECT_VERSION = 1;
				DEVELOPMENT_ASSET_PATHS = "\"UI-773/Preview Content\"";
				DEVELOPMENT_TEAM = 8CL4U468K5;
				ENABLE_PREVIEWS = YES;
				GENERATE_INFOPLIST_FILE = YES;
				INFOPLIST_KEY_UIApplicationSceneManifest_Generation = YES;
				INFOPLIST_KEY_UIApplicationSupportsIndirectInputEvents = YES;
				INFOPLIST_KEY_UILaunchScreen_Generation = YES;
				INFOPLIST_KEY_UISupportedInterfaceOrientations_iPad = "UIInterfaceOrientationPortrait UIInterfaceOrientationPortraitUpsideDown UIInterfaceOrientationLandscapeLeft UIInterfaceOrientationLandscapeRight";
				INFOPLIST_KEY_UISupportedInterfaceOrientations_iPhone = "UIInterfaceOrientationPortrait UIInterfaceOrientationLandscapeLeft UIInterfaceOrientationLandscapeRight";
				LD_RUNPATH_SEARCH_PATHS = (
					"$(inherited)",
					"@executable_path/Frameworks",
				);
				MARKETING_VERSION = 1.0;
				PRODUCT_BUNDLE_IDENTIFIER = "com.585.UI-773";
				PRODUCT_NAME = "$(TARGET_NAME)";
				SWIFT_EMIT_LOC_STRINGS = YES;
				SWIFT_VERSION = 5.0;
				TARGETED_DEVICE_FAMILY = "1,2";
			};
			name = Debug;
		};
		473A91D82900DF1700591985 /* Release */ = {
			isa = XCBuildConfiguration;
			buildSettings = {
				ASSETCATALOG_COMPILER_APPICON_NAME = AppIcon;
				ASSETCATALOG_COMPILER_GLOBAL_ACCENT_COLOR_NAME = AccentColor;
				CODE_SIGN_STYLE = Automatic;
				CURRENT_PROJECT_VERSION = 1;
				DEVELOPMENT_ASSET_PATHS = "\"UI-773/Preview Content\"";
				DEVELOPMENT_TEAM = 8CL4U468K5;
				ENABLE_PREVIEWS = YES;
				GENERATE_INFOPLIST_FILE = YES;
				INFOPLIST_KEY_UIApplicationSceneManifest_Generation = YES;
				INFOPLIST_KEY_UIApplicationSupportsIndirectInputEvents = YES;
				INFOPLIST_KEY_UILaunchScreen_Generation = YES;
				INFOPLIST_KEY_UISupportedInterfaceOrientations_iPad = "UIInterfaceOrientationPortrait UIInterfaceOrientationPortraitUpsideDown UIInterfaceOrientationLandscapeLeft UIInterfaceOrientationLandscapeRight";
				INFOPLIST_KEY_UISupportedInterfaceOrientations_iPhone = "UIInterfaceOrientationPortrait UIInterfaceOrientationLandscapeLeft UIInterfaceOrientationLandscapeRight";
				LD_RUNPATH_SEARCH_PATHS = (
					"$(inherited)",
					"@executable_path/Frameworks",
				);
				MARKETING_VERSION = 1.0;
				PRODUCT_BUNDLE_IDENTIFIER = "com.585.UI-773";
				PRODUCT_NAME = "$(TARGET_NAME)";
				SWIFT_EMIT_LOC_STRINGS = YES;
				SWIFT_VERSION = 5.0;
				TARGETED_DEVICE_FAMILY = "1,2";
			};
			name = Release;
		};
		473A91DA2900DF1700591985 /* Debug */ = {
			isa = XCBuildConfiguration;
			buildSettings = {
				ALWAYS_EMBED_SWIFT_STANDARD_LIBRARIES = YES;
				BUNDLE_LOADER = "$(TEST_HOST)";
				CODE_SIGN_STYLE = Automatic;
				CURRENT_PROJECT_VERSION = 1;
				DEVELOPMENT_TEAM = 8CL4U468K5;
				GENERATE_INFOPLIST_FILE = YES;
				IPHONEOS_DEPLOYMENT_TARGET = 16.1;
				MARKETING_VERSION = 1.0;
				PRODUCT_BUNDLE_IDENTIFIER = "com.585.UI-773Tests";
				PRODUCT_NAME = "$(TARGET_NAME)";
				SWIFT_EMIT_LOC_STRINGS = NO;
				SWIFT_VERSION = 5.0;
				TARGETED_DEVICE_FAMILY = "1,2";
				TEST_HOST = "$(BUILT_PRODUCTS_DIR)/UI-773.app/$(BUNDLE_EXECUTABLE_FOLDER_PATH)/UI-773";
			};
			name = Debug;
		};
		473A91DB2900DF1700591985 /* Release */ = {
			isa = XCBuildConfiguration;
			buildSettings = {
				ALWAYS_EMBED_SWIFT_STANDARD_LIBRARIES = YES;
				BUNDLE_LOADER = "$(TEST_HOST)";
				CODE_SIGN_STYLE = Automatic;
				CURRENT_PROJECT_VERSION = 1;
				DEVELOPMENT_TEAM = 8CL4U468K5;
				GENERATE_INFOPLIST_FILE = YES;
				IPHONEOS_DEPLOYMENT_TARGET = 16.1;
				MARKETING_VERSION = 1.0;
				PRODUCT_BUNDLE_IDENTIFIER = "com.585.UI-773Tests";
				PRODUCT_NAME = "$(TARGET_NAME)";
				SWIFT_EMIT_LOC_STRINGS = NO;
				SWIFT_VERSION = 5.0;
				TARGETED_DEVICE_FAMILY = "1,2";
				TEST_HOST = "$(BUILT_PRODUCTS_DIR)/UI-773.app/$(BUNDLE_EXECUTABLE_FOLDER_PATH)/UI-773";
			};
			name = Release;
		};
		473A91DD2900DF1700591985 /* Debug */ = {
			isa = XCBuildConfiguration;
			buildSettings = {
				ALWAYS_EMBED_SWIFT_STANDARD_LIBRARIES = YES;
				CODE_SIGN_STYLE = Automatic;
				CURRENT_PROJECT_VERSION = 1;
				DEVELOPMENT_TEAM = 8CL4U468K5;
				GENERATE_INFOPLIST_FILE = YES;
				MARKETING_VERSION = 1.0;
				PRODUCT_BUNDLE_IDENTIFIER = "com.585.UI-773UITests";
				PRODUCT_NAME = "$(TARGET_NAME)";
				SWIFT_EMIT_LOC_STRINGS = NO;
				SWIFT_VERSION = 5.0;
				TARGETED_DEVICE_FAMILY = "1,2";
				TEST_TARGET_NAME = "UI-773";
			};
			name = Debug;
		};
		473A91DE2900DF1700591985 /* Release */ = {
			isa = XCBuildConfiguration;
			buildSettings = {
				ALWAYS_EMBED_SWIFT_STANDARD_LIBRARIES = YES;
				CODE_SIGN_STYLE = Automatic;
				CURRENT_PROJECT_VERSION = 1;
				DEVELOPMENT_TEAM = 8CL4U468K5;
				GENERATE_INFOPLIST_FILE = YES;
				MARKETING_VERSION = 1.0;
				PRODUCT_BUNDLE_IDENTIFIER = "com.585.UI-773UITests";
				PRODUCT_NAME = "$(TARGET_NAME)";
				SWIFT_EMIT_LOC_STRINGS = NO;
				SWIFT_VERSION = 5.0;
				TARGETED_DEVICE_FAMILY = "1,2";
				TEST_TARGET_NAME = "UI-773";
			};
			name = Release;
		};
/* End XCBuildConfiguration section */

/* Begin XCConfigurationList section */
		473A91AD2900DF1600591985 /* Build configuration list for PBXProject "UI-773" */ = {
			isa = XCConfigurationList;
			buildConfigurations = (
				473A91D42900DF1700591985 /* Debug */,
				473A91D52900DF1700591985 /* Release */,
			);
			defaultConfigurationIsVisible = 0;
			defaultConfigurationName = Release;
		};
		473A91D62900DF1700591985 /* Build configuration list for PBXNativeTarget "UI-773" */ = {
			isa = XCConfigurationList;
			buildConfigurations = (
				473A91D72900DF1700591985 /* Debug */,
				473A91D82900DF1700591985 /* Release */,
			);
			defaultConfigurationIsVisible = 0;
			defaultConfigurationName = Release;
		};
		473A91D92900DF1700591985 /* Build configuration list for PBXNativeTarget "UI-773Tests" */ = {
			isa = XCConfigurationList;
			buildConfigurations = (
				473A91DA2900DF1700591985 /* Debug */,
				473A91DB2900DF1700591985 /* Release */,
			);
			defaultConfigurationIsVisible = 0;
			defaultConfigurationName = Release;
		};
		473A91DC2900DF1700591985 /* Build configuration list for PBXNativeTarget "UI-773UITests" */ = {
			isa = XCConfigurationList;
			buildConfigurations = (
				473A91DD2900DF1700591985 /* Debug */,
				473A91DE2900DF1700591985 /* Release */,
			);
			defaultConfigurationIsVisible = 0;
			defaultConfigurationName = Release;
		};
/* End XCConfigurationList section */
	};
	rootObject = 473A91AA2900DF1600591985 /* Project object */;
}
